
Microsoft Visual Studio Solution File, Format Version 12.00
# Visual Studio Version 16
VisualStudioVersion = 16.0.31402.337
MinimumVisualStudioVersion = 10.0.40219.1
Project("{FAE04EC0-301F-11D3-BF4B-00C04F79EFBC}") = "FolderFileSyncConsole", "FolderFileSyncConsole.csproj", "{17432621-1175-4157-9611-2B571754956E}"
EndProject
Global
	GlobalSection(SolutionConfigurationPlatforms) = preSolution
		Debug|Any CPU = Debug|Any CPU
		Release|Any CPU = Release|Any CPU
	EndGlobalSection
	GlobalSection(ProjectConfigurationPlatforms) = postSolution
		{17432621-1175-4157-9611-2B571754956E}.Debug|Any CPU.ActiveCfg = Debug|Any CPU
		{17432621-1175-4157-9611-2B571754956E}.Debug|Any CPU.Build.0 = Debug|Any CPU
		{17432621-1175-4157-9611-2B571754956E}.Release|Any CPU.ActiveCfg = Release|Any CPU
		{17432621-1175-4157-9611-2B571754956E}.Release|Any CPU.Build.0 = Release|Any CPU
	EndGlobalSection
	GlobalSection(SolutionProperties) = preSolution
		HideSolutionNode = FALSE
	EndGlobalSection
	GlobalSection(ExtensibilityGlobals) = postSolution
		SolutionGuid = {7644FD56-E61C-4B58-BFB2-E42132EF619E}
	EndGlobalSection
EndGlobal
